
Microsoft Visual Studio Solution File, Format Version 12.00
# Visual Studio Version 16
VisualStudioVersion = 16.0.32002.261
MinimumVisualStudioVersion = 10.0.40219.1
Project("{FAE04EC0-301F-11D3-BF4B-00C04F79EFBC}") = "OperatorsExercise2", "OperatorsExercise2\OperatorsExercise2.csproj", "{658A30C8-B35F-4344-B003-A58F3290F8C6}"
EndProject
Global
	GlobalSection(SolutionConfigurationPlatforms) = preSolution
		Debug|Any CPU = Debug|Any CPU
		Release|Any CPU = Release|Any CPU
	EndGlobalSection
	GlobalSection(ProjectConfigurationPlatforms) = postSolution
		{658A30C8-B35F-4344-B003-A58F3290F8C6}.Debug|Any CPU.ActiveCfg = Debug|Any CPU
		{658A30C8-B35F-4344-B003-A58F3290F8C6}.Debug|Any CPU.Build.0 = Debug|Any CPU
		{658A30C8-B35F-4344-B003-A58F3290F8C6}.Release|Any CPU.ActiveCfg = Release|Any CPU
		{658A30C8-B35F-4344-B003-A58F3290F8C6}.Release|Any CPU.Build.0 = Release|Any CPU
	EndGlobalSection
	GlobalSection(SolutionProperties) = preSolution
		HideSolutionNode = FALSE
	EndGlobalSection
	GlobalSection(ExtensibilityGlobals) = postSolution
		SolutionGuid = {F35ED4D6-45C3-46D9-88F4-A6E48E9DFADC}
	EndGlobalSection
EndGlobal
